
Microsoft Visual Studio Solution File, Format Version 12.00
# Visual Studio 15
VisualStudioVersion = 15.0.27428.2015
MinimumVisualStudioVersion = 10.0.40219.1
Project("{FAE04EC0-301F-11D3-BF4B-00C04F79EFBC}") = "addressbook-web-tests", "addressbook-web-tests\addressbook-web-tests.csproj", "{BA42387A-51D2-4B63-B273-0D570C2929BA}"
EndProject
Global
	GlobalSection(SolutionConfigurationPlatforms) = preSolution
		Debug|Any CPU = Debug|Any CPU
		Release|Any CPU = Release|Any CPU
	EndGlobalSection
	GlobalSection(ProjectConfigurationPlatforms) = postSolution
		{BA42387A-51D2-4B63-B273-0D570C2929BA}.Debug|Any CPU.ActiveCfg = Debug|Any CPU
		{BA42387A-51D2-4B63-B273-0D570C2929BA}.Debug|Any CPU.Build.0 = Debug|Any CPU
		{BA42387A-51D2-4B63-B273-0D570C2929BA}.Release|Any CPU.ActiveCfg = Release|Any CPU
		{BA42387A-51D2-4B63-B273-0D570C2929BA}.Release|Any CPU.Build.0 = Release|Any CPU
	EndGlobalSection
	GlobalSection(SolutionProperties) = preSolution
		HideSolutionNode = FALSE
	EndGlobalSection
	GlobalSection(ExtensibilityGlobals) = postSolution
		SolutionGuid = {6DD3CE16-919B-412E-83D3-A278E5EDAD48}
	EndGlobalSection
EndGlobal
